
Microsoft Visual Studio Solution File, Format Version 12.00
# Visual Studio Version 17
VisualStudioVersion = 17.11.35312.102
MinimumVisualStudioVersion = 10.0.40219.1
Project("{9A19103F-16F7-4668-BE54-9A1E7A4F7556}") = "Core.Persistence", "Core.Persistence\Core.Persistence.csproj", "{D50E9B45-EAB6-4000-A15B-42C9C3AAA6B5}"
EndProject
Project("{9A19103F-16F7-4668-BE54-9A1E7A4F7556}") = "Core.Application", "Core.Application\Core.Application.csproj", "{DABC7842-FE88-48C6-8CFD-E90A53E8AAD8}"
EndProject
Project("{9A19103F-16F7-4668-BE54-9A1E7A4F7556}") = "Core.CrossCuttingConcerns", "Core.CrossCuttingConcerns\Core.CrossCuttingConcerns.csproj", "{A20F98BF-7A2B-4847-84CA-BAFDB3E29160}"
EndProject
Project("{FAE04EC0-301F-11D3-BF4B-00C04F79EFBC}") = "Core.Security", "Core.Security\Core.Security.csproj", "{AEAB0CAD-D666-4D11-92D5-CFF8E0E904C7}"
EndProject
Global
	GlobalSection(SolutionConfigurationPlatforms) = preSolution
		Debug|Any CPU = Debug|Any CPU
		Release|Any CPU = Release|Any CPU
	EndGlobalSection
	GlobalSection(ProjectConfigurationPlatforms) = postSolution
		{D50E9B45-EAB6-4000-A15B-42C9C3AAA6B5}.Debug|Any CPU.ActiveCfg = Debug|Any CPU
		{D50E9B45-EAB6-4000-A15B-42C9C3AAA6B5}.Debug|Any CPU.Build.0 = Debug|Any CPU
		{D50E9B45-EAB6-4000-A15B-42C9C3AAA6B5}.Release|Any CPU.ActiveCfg = Release|Any CPU
		{D50E9B45-EAB6-4000-A15B-42C9C3AAA6B5}.Release|Any CPU.Build.0 = Release|Any CPU
		{DABC7842-FE88-48C6-8CFD-E90A53E8AAD8}.Debug|Any CPU.ActiveCfg = Debug|Any CPU
		{DABC7842-FE88-48C6-8CFD-E90A53E8AAD8}.Debug|Any CPU.Build.0 = Debug|Any CPU
		{DABC7842-FE88-48C6-8CFD-E90A53E8AAD8}.Release|Any CPU.ActiveCfg = Release|Any CPU
		{DABC7842-FE88-48C6-8CFD-E90A53E8AAD8}.Release|Any CPU.Build.0 = Release|Any CPU
		{A20F98BF-7A2B-4847-84CA-BAFDB3E29160}.Debug|Any CPU.ActiveCfg = Debug|Any CPU
		{A20F98BF-7A2B-4847-84CA-BAFDB3E29160}.Debug|Any CPU.Build.0 = Debug|Any CPU
		{A20F98BF-7A2B-4847-84CA-BAFDB3E29160}.Release|Any CPU.ActiveCfg = Release|Any CPU
		{A20F98BF-7A2B-4847-84CA-BAFDB3E29160}.Release|Any CPU.Build.0 = Release|Any CPU
		{AEAB0CAD-D666-4D11-92D5-CFF8E0E904C7}.Debug|Any CPU.ActiveCfg = Debug|Any CPU
		{AEAB0CAD-D666-4D11-92D5-CFF8E0E904C7}.Debug|Any CPU.Build.0 = Debug|Any CPU
		{AEAB0CAD-D666-4D11-92D5-CFF8E0E904C7}.Release|Any CPU.ActiveCfg = Release|Any CPU
		{AEAB0CAD-D666-4D11-92D5-CFF8E0E904C7}.Release|Any CPU.Build.0 = Release|Any CPU
	EndGlobalSection
	GlobalSection(SolutionProperties) = preSolution
		HideSolutionNode = FALSE
	EndGlobalSection
	GlobalSection(ExtensibilityGlobals) = postSolution
		SolutionGuid = {9968E9BB-FDEE-43BE-BDE4-931A12C6D454}
	EndGlobalSection
EndGlobal
